
Microsoft Visual Studio Solution File, Format Version 12.00
# Visual Studio Version 17
VisualStudioVersion = 17.14.36221.1
MinimumVisualStudioVersion = 10.0.40219.1
Project("{FAE04EC0-301F-11D3-BF4B-00C04F79EFBC}") = "NotesApp.Core", "Core\NotesApp.Core\NotesApp.Core.csproj", "{592076B2-AC3A-F4DF-3793-122041A4D0FD}"
EndProject
Project("{FAE04EC0-301F-11D3-BF4B-00C04F79EFBC}") = "NotesApp.Touch", "NotesApp.Touch\NotesApp.Touch.csproj", "{903D7A18-B21C-4608-B350-AE1B622EF928}"
	ProjectSection(ProjectDependencies) = postProject
		{592076B2-AC3A-F4DF-3793-122041A4D0FD} = {592076B2-AC3A-F4DF-3793-122041A4D0FD}
	EndProjectSection
EndProject
Global
	GlobalSection(SolutionConfigurationPlatforms) = preSolution
		Debug|Any CPU = Debug|Any CPU
		Release|Any CPU = Release|Any CPU
	EndGlobalSection
	GlobalSection(ProjectConfigurationPlatforms) = postSolution
		{592076B2-AC3A-F4DF-3793-122041A4D0FD}.Debug|Any CPU.ActiveCfg = Debug|Any CPU
		{592076B2-AC3A-F4DF-3793-122041A4D0FD}.Debug|Any CPU.Build.0 = Debug|Any CPU
		{592076B2-AC3A-F4DF-3793-122041A4D0FD}.Release|Any CPU.ActiveCfg = Release|Any CPU
		{592076B2-AC3A-F4DF-3793-122041A4D0FD}.Release|Any CPU.Build.0 = Release|Any CPU
		{903D7A18-B21C-4608-B350-AE1B622EF928}.Debug|Any CPU.ActiveCfg = Debug|Any CPU
		{903D7A18-B21C-4608-B350-AE1B622EF928}.Debug|Any CPU.Build.0 = Debug|Any CPU
		{903D7A18-B21C-4608-B350-AE1B622EF928}.Debug|Any CPU.Deploy.0 = Debug|Any CPU
		{903D7A18-B21C-4608-B350-AE1B622EF928}.Release|Any CPU.ActiveCfg = Release|Any CPU
		{903D7A18-B21C-4608-B350-AE1B622EF928}.Release|Any CPU.Build.0 = Release|Any CPU
		{903D7A18-B21C-4608-B350-AE1B622EF928}.Release|Any CPU.Deploy.0 = Release|Any CPU
	EndGlobalSection
	GlobalSection(SolutionProperties) = preSolution
		HideSolutionNode = FALSE
	EndGlobalSection
	GlobalSection(ExtensibilityGlobals) = postSolution
		SolutionGuid = {A428294C-3814-4DCA-9A18-A43DC48DCB9B}
	EndGlobalSection
EndGlobal
